{
  "name": "whatcoinjs",
  "version": "0.1.0",
  "lockfileVersion": 1,
  "requires": true,
  "dependencies": {
    "@azure/functions": {
      "version": "1.2.2",
      "resolved": "https://registry.npmjs.org/@azure/functions/-/functions-1.2.2.tgz",
      "integrity": "sha512-p/dDHq1sG/iAib+eDY4NxskWHoHW1WFzD85s0SfWxc2wVjJbxB0xz/zBF4s7ymjVgTu+0ceipeBk+tmpnt98oA=="
    },
    "coingecko-api": {
      "version": "1.0.10",
      "resolved": "https://registry.npmjs.org/coingecko-api/-/coingecko-api-1.0.10.tgz",
      "integrity": "sha512-7YLLC85+daxAw5QlBWoHVBVpJRwoPr4HtwanCr8V/WRjoyHTa1Lb9DQAvv4MDJZHiz4no6HGnDQnddtjV35oRA=="
    },
    "prettier": {
      "version": "2.2.1",
      "resolved": "https://registry.npmjs.org/prettier/-/prettier-2.2.1.tgz",
      "integrity": "sha512-PqyhM2yCjg/oKkFPtTGUojv7gnZAoG80ttl45O6x2Ug/rMJw4wcc9k6aaf2hibP7BGVCCM33gZoGjyvt9mm16Q==",
      "dev": true
    },
    "serverless-telegram": {
      "version": "github:miridius/serverless-telegram#9e67a91746655225cf89ca893c8efcf86c0fba6b",
      "from": "github:miridius/serverless-telegram",
      "requires": {
        "@azure/functions": "^1.2.2"
      }
    }
  }
}
